
Microsoft Visual Studio Solution File, Format Version 12.00
# Visual Studio Version 17
VisualStudioVersion = 17.7.34221.43
MinimumVisualStudioVersion = 10.0.40219.1
Project("{8BC9CEB8-8B4A-11D0-8D11-00A0C91BC942}") = "Ders14", "Ders14\Ders14.vcxproj", "{70EAFA72-319E-46D1-9E3C-6FE32DC45F53}"
EndProject
Global
	GlobalSection(SolutionConfigurationPlatforms) = preSolution
		Debug|x64 = Debug|x64
		Debug|x86 = Debug|x86
		Release|x64 = Release|x64
		Release|x86 = Release|x86
	EndGlobalSection
	GlobalSection(ProjectConfigurationPlatforms) = postSolution
		{70EAFA72-319E-46D1-9E3C-6FE32DC45F53}.Debug|x64.ActiveCfg = Debug|x64
		{70EAFA72-319E-46D1-9E3C-6FE32DC45F53}.Debug|x64.Build.0 = Debug|x64
		{70EAFA72-319E-46D1-9E3C-6FE32DC45F53}.Debug|x86.ActiveCfg = Debug|Win32
		{70EAFA72-319E-46D1-9E3C-6FE32DC45F53}.Debug|x86.Build.0 = Debug|Win32
		{70EAFA72-319E-46D1-9E3C-6FE32DC45F53}.Release|x64.ActiveCfg = Release|x64
		{70EAFA72-319E-46D1-9E3C-6FE32DC45F53}.Release|x64.Build.0 = Release|x64
		{70EAFA72-319E-46D1-9E3C-6FE32DC45F53}.Release|x86.ActiveCfg = Release|Win32
		{70EAFA72-319E-46D1-9E3C-6FE32DC45F53}.Release|x86.Build.0 = Release|Win32
	EndGlobalSection
	GlobalSection(SolutionProperties) = preSolution
		HideSolutionNode = FALSE
	EndGlobalSection
	GlobalSection(ExtensibilityGlobals) = postSolution
		SolutionGuid = {2F4AD411-F7A8-4A95-8D9C-389EB7DF29A0}
	EndGlobalSection
EndGlobal
